
Microsoft Visual Studio Solution File, Format Version 12.00
# Visual Studio 2012
Project("{FAE04EC0-301F-11D3-BF4B-00C04F79EFBC}") = "HiddenCreekRanch", "HiddenCreekRanch\HiddenCreekRanch.csproj", "{359E9E52-F91E-4097-8CB6-D4D84FC11744}"
EndProject
Project("{FAE04EC0-301F-11D3-BF4B-00C04F79EFBC}") = "HiddenCreekRanch.Tests", "HiddenCreekRanch.Tests\HiddenCreekRanch.Tests.csproj", "{3186CEA0-8920-4869-B0AB-D6316CCF30A2}"
EndProject
Global
	GlobalSection(SolutionConfigurationPlatforms) = preSolution
		Debug|Any CPU = Debug|Any CPU
		Release|Any CPU = Release|Any CPU
	EndGlobalSection
	GlobalSection(ProjectConfigurationPlatforms) = postSolution
		{359E9E52-F91E-4097-8CB6-D4D84FC11744}.Debug|Any CPU.ActiveCfg = Debug|Any CPU
		{359E9E52-F91E-4097-8CB6-D4D84FC11744}.Debug|Any CPU.Build.0 = Debug|Any CPU
		{359E9E52-F91E-4097-8CB6-D4D84FC11744}.Release|Any CPU.ActiveCfg = Release|Any CPU
		{359E9E52-F91E-4097-8CB6-D4D84FC11744}.Release|Any CPU.Build.0 = Release|Any CPU
		{3186CEA0-8920-4869-B0AB-D6316CCF30A2}.Debug|Any CPU.ActiveCfg = Debug|Any CPU
		{3186CEA0-8920-4869-B0AB-D6316CCF30A2}.Debug|Any CPU.Build.0 = Debug|Any CPU
		{3186CEA0-8920-4869-B0AB-D6316CCF30A2}.Release|Any CPU.ActiveCfg = Release|Any CPU
		{3186CEA0-8920-4869-B0AB-D6316CCF30A2}.Release|Any CPU.Build.0 = Release|Any CPU
	EndGlobalSection
EndGlobal
